
Microsoft Visual Studio Solution File, Format Version 12.00
# Visual Studio Version 16
VisualStudioVersion = 16.0.30011.22
MinimumVisualStudioVersion = 10.0.40219.1
Project("{9A19103F-16F7-4668-BE54-9A1E7A4F7556}") = "BoloApp", "Bolo\BoloApp.csproj", "{D946F975-D5F0-4314-BC44-85703C1152B2}"
EndProject
Project("{FAE04EC0-301F-11D3-BF4B-00C04F79EFBC}") = "BoloWeb", "BoloApi\BoloWeb.csproj", "{A489B7F7-4D14-482D-9900-91E110D16DA6}"
EndProject
Global
	GlobalSection(SolutionConfigurationPlatforms) = preSolution
		Debug|Any CPU = Debug|Any CPU
		Release|Any CPU = Release|Any CPU
	EndGlobalSection
	GlobalSection(ProjectConfigurationPlatforms) = postSolution
		{D946F975-D5F0-4314-BC44-85703C1152B2}.Debug|Any CPU.ActiveCfg = Debug|Any CPU
		{D946F975-D5F0-4314-BC44-85703C1152B2}.Debug|Any CPU.Build.0 = Debug|Any CPU
		{D946F975-D5F0-4314-BC44-85703C1152B2}.Release|Any CPU.ActiveCfg = Release|Any CPU
		{D946F975-D5F0-4314-BC44-85703C1152B2}.Release|Any CPU.Build.0 = Release|Any CPU
		{A489B7F7-4D14-482D-9900-91E110D16DA6}.Debug|Any CPU.ActiveCfg = Debug|Any CPU
		{A489B7F7-4D14-482D-9900-91E110D16DA6}.Debug|Any CPU.Build.0 = Debug|Any CPU
		{A489B7F7-4D14-482D-9900-91E110D16DA6}.Release|Any CPU.ActiveCfg = Release|Any CPU
		{A489B7F7-4D14-482D-9900-91E110D16DA6}.Release|Any CPU.Build.0 = Release|Any CPU
	EndGlobalSection
	GlobalSection(SolutionProperties) = preSolution
		HideSolutionNode = FALSE
	EndGlobalSection
	GlobalSection(ExtensibilityGlobals) = postSolution
		SolutionGuid = {136C633F-FF8A-475A-9E41-AFCB0F161B2B}
	EndGlobalSection
EndGlobal
