
Microsoft Visual Studio Solution File, Format Version 12.00
# Visual Studio Version 16
VisualStudioVersion = 16.0.30011.22
MinimumVisualStudioVersion = 10.0.40219.1
Project("{9A19103F-16F7-4668-BE54-9A1E7A4F7556}") = "BoloApp", "Bolo\BoloApp.csproj", "{D946F975-D5F0-4314-BC44-85703C1152B2}"
EndProject
Project("{9A19103F-16F7-4668-BE54-9A1E7A4F7556}") = "BoloWeb", "BoloApi\BoloWeb.csproj", "{A489B7F7-4D14-482D-9900-91E110D16DA6}"
EndProject
Project("{FAE04EC0-301F-11D3-BF4B-00C04F79EFBC}") = "Waarta.Android", "Waarta\Waarta.Android\Waarta.Android.csproj", "{F0684712-C0B4-42B2-9FB1-5DCA0896B5BD}"
EndProject
Project("{FAE04EC0-301F-11D3-BF4B-00C04F79EFBC}") = "Waarta.iOS", "Waarta\Waarta.iOS\Waarta.iOS.csproj", "{CAEC736E-ED43-4E84-BC4C-20DA6D51B192}"
EndProject
Project("{9A19103F-16F7-4668-BE54-9A1E7A4F7556}") = "Waarta", "Waarta\Waarta\Waarta.csproj", "{A995DEF0-A70D-4807-AA75-FA4C5F598419}"
EndProject
Global
	GlobalSection(SolutionConfigurationPlatforms) = preSolution
		Debug|Any CPU = Debug|Any CPU
		Debug|iPhone = Debug|iPhone
		Debug|iPhoneSimulator = Debug|iPhoneSimulator
		Release|Any CPU = Release|Any CPU
		Release|iPhone = Release|iPhone
		Release|iPhoneSimulator = Release|iPhoneSimulator
	EndGlobalSection
	GlobalSection(ProjectConfigurationPlatforms) = postSolution
		{D946F975-D5F0-4314-BC44-85703C1152B2}.Debug|Any CPU.ActiveCfg = Debug|Any CPU
		{D946F975-D5F0-4314-BC44-85703C1152B2}.Debug|Any CPU.Build.0 = Debug|Any CPU
		{D946F975-D5F0-4314-BC44-85703C1152B2}.Debug|iPhone.ActiveCfg = Debug|Any CPU
		{D946F975-D5F0-4314-BC44-85703C1152B2}.Debug|iPhoneSimulator.ActiveCfg = Debug|Any CPU
		{D946F975-D5F0-4314-BC44-85703C1152B2}.Release|Any CPU.ActiveCfg = Release|Any CPU
		{D946F975-D5F0-4314-BC44-85703C1152B2}.Release|Any CPU.Build.0 = Release|Any CPU
		{D946F975-D5F0-4314-BC44-85703C1152B2}.Release|iPhone.ActiveCfg = Release|Any CPU
		{D946F975-D5F0-4314-BC44-85703C1152B2}.Release|iPhoneSimulator.ActiveCfg = Release|Any CPU
		{A489B7F7-4D14-482D-9900-91E110D16DA6}.Debug|Any CPU.ActiveCfg = Debug|Any CPU
		{A489B7F7-4D14-482D-9900-91E110D16DA6}.Debug|Any CPU.Build.0 = Debug|Any CPU
		{A489B7F7-4D14-482D-9900-91E110D16DA6}.Debug|iPhone.ActiveCfg = Debug|Any CPU
		{A489B7F7-4D14-482D-9900-91E110D16DA6}.Debug|iPhone.Build.0 = Debug|Any CPU
		{A489B7F7-4D14-482D-9900-91E110D16DA6}.Debug|iPhoneSimulator.ActiveCfg = Debug|Any CPU
		{A489B7F7-4D14-482D-9900-91E110D16DA6}.Debug|iPhoneSimulator.Build.0 = Debug|Any CPU
		{A489B7F7-4D14-482D-9900-91E110D16DA6}.Release|Any CPU.ActiveCfg = Release|Any CPU
		{A489B7F7-4D14-482D-9900-91E110D16DA6}.Release|Any CPU.Build.0 = Release|Any CPU
		{A489B7F7-4D14-482D-9900-91E110D16DA6}.Release|iPhone.ActiveCfg = Release|Any CPU
		{A489B7F7-4D14-482D-9900-91E110D16DA6}.Release|iPhone.Build.0 = Release|Any CPU
		{A489B7F7-4D14-482D-9900-91E110D16DA6}.Release|iPhoneSimulator.ActiveCfg = Release|Any CPU
		{A489B7F7-4D14-482D-9900-91E110D16DA6}.Release|iPhoneSimulator.Build.0 = Release|Any CPU
		{F0684712-C0B4-42B2-9FB1-5DCA0896B5BD}.Debug|Any CPU.ActiveCfg = Debug|Any CPU
		{F0684712-C0B4-42B2-9FB1-5DCA0896B5BD}.Debug|Any CPU.Build.0 = Debug|Any CPU
		{F0684712-C0B4-42B2-9FB1-5DCA0896B5BD}.Debug|Any CPU.Deploy.0 = Debug|Any CPU
		{F0684712-C0B4-42B2-9FB1-5DCA0896B5BD}.Debug|iPhone.ActiveCfg = Debug|Any CPU
		{F0684712-C0B4-42B2-9FB1-5DCA0896B5BD}.Debug|iPhone.Build.0 = Debug|Any CPU
		{F0684712-C0B4-42B2-9FB1-5DCA0896B5BD}.Debug|iPhone.Deploy.0 = Debug|Any CPU
		{F0684712-C0B4-42B2-9FB1-5DCA0896B5BD}.Debug|iPhoneSimulator.ActiveCfg = Debug|Any CPU
		{F0684712-C0B4-42B2-9FB1-5DCA0896B5BD}.Debug|iPhoneSimulator.Build.0 = Debug|Any CPU
		{F0684712-C0B4-42B2-9FB1-5DCA0896B5BD}.Debug|iPhoneSimulator.Deploy.0 = Debug|Any CPU
		{F0684712-C0B4-42B2-9FB1-5DCA0896B5BD}.Release|Any CPU.ActiveCfg = Release|Any CPU
		{F0684712-C0B4-42B2-9FB1-5DCA0896B5BD}.Release|Any CPU.Build.0 = Release|Any CPU
		{F0684712-C0B4-42B2-9FB1-5DCA0896B5BD}.Release|Any CPU.Deploy.0 = Release|Any CPU
		{F0684712-C0B4-42B2-9FB1-5DCA0896B5BD}.Release|iPhone.ActiveCfg = Release|Any CPU
		{F0684712-C0B4-42B2-9FB1-5DCA0896B5BD}.Release|iPhone.Build.0 = Release|Any CPU
		{F0684712-C0B4-42B2-9FB1-5DCA0896B5BD}.Release|iPhone.Deploy.0 = Release|Any CPU
		{F0684712-C0B4-42B2-9FB1-5DCA0896B5BD}.Release|iPhoneSimulator.ActiveCfg = Release|Any CPU
		{F0684712-C0B4-42B2-9FB1-5DCA0896B5BD}.Release|iPhoneSimulator.Build.0 = Release|Any CPU
		{F0684712-C0B4-42B2-9FB1-5DCA0896B5BD}.Release|iPhoneSimulator.Deploy.0 = Release|Any CPU
		{CAEC736E-ED43-4E84-BC4C-20DA6D51B192}.Debug|Any CPU.ActiveCfg = Debug|iPhone
		{CAEC736E-ED43-4E84-BC4C-20DA6D51B192}.Debug|iPhone.ActiveCfg = Debug|iPhone
		{CAEC736E-ED43-4E84-BC4C-20DA6D51B192}.Debug|iPhone.Build.0 = Debug|iPhone
		{CAEC736E-ED43-4E84-BC4C-20DA6D51B192}.Debug|iPhoneSimulator.ActiveCfg = Debug|iPhoneSimulator
		{CAEC736E-ED43-4E84-BC4C-20DA6D51B192}.Debug|iPhoneSimulator.Build.0 = Debug|iPhoneSimulator
		{CAEC736E-ED43-4E84-BC4C-20DA6D51B192}.Release|Any CPU.ActiveCfg = Release|iPhone
		{CAEC736E-ED43-4E84-BC4C-20DA6D51B192}.Release|iPhone.ActiveCfg = Release|iPhone
		{CAEC736E-ED43-4E84-BC4C-20DA6D51B192}.Release|iPhone.Build.0 = Release|iPhone
		{CAEC736E-ED43-4E84-BC4C-20DA6D51B192}.Release|iPhoneSimulator.ActiveCfg = Release|iPhoneSimulator
		{CAEC736E-ED43-4E84-BC4C-20DA6D51B192}.Release|iPhoneSimulator.Build.0 = Release|iPhoneSimulator
		{A995DEF0-A70D-4807-AA75-FA4C5F598419}.Debug|Any CPU.ActiveCfg = Debug|Any CPU
		{A995DEF0-A70D-4807-AA75-FA4C5F598419}.Debug|Any CPU.Build.0 = Debug|Any CPU
		{A995DEF0-A70D-4807-AA75-FA4C5F598419}.Debug|iPhone.ActiveCfg = Debug|Any CPU
		{A995DEF0-A70D-4807-AA75-FA4C5F598419}.Debug|iPhone.Build.0 = Debug|Any CPU
		{A995DEF0-A70D-4807-AA75-FA4C5F598419}.Debug|iPhoneSimulator.ActiveCfg = Debug|Any CPU
		{A995DEF0-A70D-4807-AA75-FA4C5F598419}.Debug|iPhoneSimulator.Build.0 = Debug|Any CPU
		{A995DEF0-A70D-4807-AA75-FA4C5F598419}.Release|Any CPU.ActiveCfg = Release|Any CPU
		{A995DEF0-A70D-4807-AA75-FA4C5F598419}.Release|Any CPU.Build.0 = Release|Any CPU
		{A995DEF0-A70D-4807-AA75-FA4C5F598419}.Release|iPhone.ActiveCfg = Release|Any CPU
		{A995DEF0-A70D-4807-AA75-FA4C5F598419}.Release|iPhone.Build.0 = Release|Any CPU
		{A995DEF0-A70D-4807-AA75-FA4C5F598419}.Release|iPhoneSimulator.ActiveCfg = Release|Any CPU
		{A995DEF0-A70D-4807-AA75-FA4C5F598419}.Release|iPhoneSimulator.Build.0 = Release|Any CPU
	EndGlobalSection
	GlobalSection(SolutionProperties) = preSolution
		HideSolutionNode = FALSE
	EndGlobalSection
	GlobalSection(ExtensibilityGlobals) = postSolution
		SolutionGuid = {136C633F-FF8A-475A-9E41-AFCB0F161B2B}
	EndGlobalSection
EndGlobal
